{
  "name": "learn-html",
  "version": "1.0.0",
  "lockfileVersion": 1,
  "requires": true,
  "dependencies": {
    "codemirror": {
      "version": "5.36.0",
      "resolved": "https://registry.npmjs.org/codemirror/-/codemirror-5.36.0.tgz",
      "integrity": "sha512-XGR+ic+9DSMSE4mD2XLinGrMcIO4xbHpNrPzAFpCW5bjy+Em8fUOTCpagVP/+LLtTQsAROqrq1f55KyRxDcokA=="
    },
    "codemirror-one-dark-theme": {
      "version": "1.1.1",
      "resolved": "https://registry.npmjs.org/codemirror-one-dark-theme/-/codemirror-one-dark-theme-1.1.1.tgz",
      "integrity": "sha512-SuGz+mjIhWZcU59PQT1KQL8YDdCZOB7zWyPSKC9T8KCjiFCsNaRnaOpI9LDamHUx8X+a7tEfiogemx6L/WDZCg=="
    }
  }
}
